
Microsoft Visual Studio Solution File, Format Version 12.00
# Visual Studio Version 17
VisualStudioVersion = 17.6.33829.357
MinimumVisualStudioVersion = 10.0.40219.1
Project("{FAE04EC0-301F-11D3-BF4B-00C04F79EFBC}") = "Batak", "Batak\Batak.csproj", "{B5ED1669-BEBB-4680-B9B0-EF45E3DAE99B}"
EndProject
Global
	GlobalSection(SolutionConfigurationPlatforms) = preSolution
		Debug|Any CPU = Debug|Any CPU
		Release|Any CPU = Release|Any CPU
	EndGlobalSection
	GlobalSection(ProjectConfigurationPlatforms) = postSolution
		{B5ED1669-BEBB-4680-B9B0-EF45E3DAE99B}.Debug|Any CPU.ActiveCfg = Debug|Any CPU
		{B5ED1669-BEBB-4680-B9B0-EF45E3DAE99B}.Debug|Any CPU.Build.0 = Debug|Any CPU
		{B5ED1669-BEBB-4680-B9B0-EF45E3DAE99B}.Release|Any CPU.ActiveCfg = Release|Any CPU
		{B5ED1669-BEBB-4680-B9B0-EF45E3DAE99B}.Release|Any CPU.Build.0 = Release|Any CPU
	EndGlobalSection
	GlobalSection(SolutionProperties) = preSolution
		HideSolutionNode = FALSE
	EndGlobalSection
	GlobalSection(ExtensibilityGlobals) = postSolution
		SolutionGuid = {68FCB35A-ADF0-4204-87E1-12C780F99A2E}
	EndGlobalSection
EndGlobal
